
Microsoft Visual Studio Solution File, Format Version 12.00
# Visual Studio Version 16
VisualStudioVersion = 16.0.30523.141
MinimumVisualStudioVersion = 10.0.40219.1
Project("{FAE04EC0-301F-11D3-BF4B-00C04F79EFBC}") = "WalletApp", "WalletApp\WalletApp.csproj", "{61D77400-B42B-4E6B-BA26-7ED834E0395E}"
EndProject
Global
	GlobalSection(SolutionConfigurationPlatforms) = preSolution
		Debug|Any CPU = Debug|Any CPU
		Release|Any CPU = Release|Any CPU
	EndGlobalSection
	GlobalSection(ProjectConfigurationPlatforms) = postSolution
		{61D77400-B42B-4E6B-BA26-7ED834E0395E}.Debug|Any CPU.ActiveCfg = Debug|Any CPU
		{61D77400-B42B-4E6B-BA26-7ED834E0395E}.Debug|Any CPU.Build.0 = Debug|Any CPU
		{61D77400-B42B-4E6B-BA26-7ED834E0395E}.Release|Any CPU.ActiveCfg = Release|Any CPU
		{61D77400-B42B-4E6B-BA26-7ED834E0395E}.Release|Any CPU.Build.0 = Release|Any CPU
	EndGlobalSection
	GlobalSection(SolutionProperties) = preSolution
		HideSolutionNode = FALSE
	EndGlobalSection
	GlobalSection(ExtensibilityGlobals) = postSolution
		SolutionGuid = {8CE519BE-E4F8-42C3-921C-09023E8857A2}
	EndGlobalSection
EndGlobal
